
Microsoft Visual Studio Solution File, Format Version 12.00
# Visual Studio Version 17
VisualStudioVersion = 17.11.35222.181
MinimumVisualStudioVersion = 10.0.40219.1
Project("{FAE04EC0-301F-11D3-BF4B-00C04F79EFBC}") = "WPF_Updated_Money_Manager", "WPF_Updated_Money_Manager\WPF_Updated_Money_Manager.csproj", "{B078F1A0-FC36-47AD-8D45-ACD8A0038816}"
EndProject
Global
	GlobalSection(SolutionConfigurationPlatforms) = preSolution
		Debug|Any CPU = Debug|Any CPU
		Release|Any CPU = Release|Any CPU
	EndGlobalSection
	GlobalSection(ProjectConfigurationPlatforms) = postSolution
		{B078F1A0-FC36-47AD-8D45-ACD8A0038816}.Debug|Any CPU.ActiveCfg = Debug|Any CPU
		{B078F1A0-FC36-47AD-8D45-ACD8A0038816}.Debug|Any CPU.Build.0 = Debug|Any CPU
		{B078F1A0-FC36-47AD-8D45-ACD8A0038816}.Release|Any CPU.ActiveCfg = Release|Any CPU
		{B078F1A0-FC36-47AD-8D45-ACD8A0038816}.Release|Any CPU.Build.0 = Release|Any CPU
	EndGlobalSection
	GlobalSection(SolutionProperties) = preSolution
		HideSolutionNode = FALSE
	EndGlobalSection
	GlobalSection(ExtensibilityGlobals) = postSolution
		SolutionGuid = {1ED57CD3-2983-4EF5-871A-7D9A68A13E51}
	EndGlobalSection
EndGlobal
